
Microsoft Visual Studio Solution File, Format Version 12.00
# Visual Studio Version 17
VisualStudioVersion = 17.11.35222.181
MinimumVisualStudioVersion = 10.0.40219.1
Project("{FAE04EC0-301F-11D3-BF4B-00C04F79EFBC}") = "Siemens.DotNet.PayRollApp.Entities", "Siemens.DotNet.PayRollApp.Entities\Siemens.DotNet.PayRollApp.Entities.csproj", "{9499D881-72F5-4B0D-95A9-77794906E93D}"
EndProject
Project("{FAE04EC0-301F-11D3-BF4B-00C04F79EFBC}") = "Siemens.DotNet.PayRollApp.UserInterface", "Siemens.DotNet.PayRollApp.UserInterface\Siemens.DotNet.PayRollApp.UserInterface.csproj", "{08DE0129-BB45-4E5F-8D6E-78EC614CE2D5}"
EndProject
Global
	GlobalSection(SolutionConfigurationPlatforms) = preSolution
		Debug|Any CPU = Debug|Any CPU
		Release|Any CPU = Release|Any CPU
	EndGlobalSection
	GlobalSection(ProjectConfigurationPlatforms) = postSolution
		{9499D881-72F5-4B0D-95A9-77794906E93D}.Debug|Any CPU.ActiveCfg = Debug|Any CPU
		{9499D881-72F5-4B0D-95A9-77794906E93D}.Debug|Any CPU.Build.0 = Debug|Any CPU
		{9499D881-72F5-4B0D-95A9-77794906E93D}.Release|Any CPU.ActiveCfg = Release|Any CPU
		{9499D881-72F5-4B0D-95A9-77794906E93D}.Release|Any CPU.Build.0 = Release|Any CPU
		{08DE0129-BB45-4E5F-8D6E-78EC614CE2D5}.Debug|Any CPU.ActiveCfg = Debug|Any CPU
		{08DE0129-BB45-4E5F-8D6E-78EC614CE2D5}.Debug|Any CPU.Build.0 = Debug|Any CPU
		{08DE0129-BB45-4E5F-8D6E-78EC614CE2D5}.Release|Any CPU.ActiveCfg = Release|Any CPU
		{08DE0129-BB45-4E5F-8D6E-78EC614CE2D5}.Release|Any CPU.Build.0 = Release|Any CPU
	EndGlobalSection
	GlobalSection(SolutionProperties) = preSolution
		HideSolutionNode = FALSE
	EndGlobalSection
	GlobalSection(ExtensibilityGlobals) = postSolution
		SolutionGuid = {AC61D1A8-5E7B-4277-A867-0CA9D6680D73}
	EndGlobalSection
EndGlobal
