
Microsoft Visual Studio Solution File, Format Version 12.00
# Visual Studio Version 17
VisualStudioVersion = 17.11.35222.181
MinimumVisualStudioVersion = 10.0.40219.1
Project("{FAE04EC0-301F-11D3-BF4B-00C04F79EFBC}") = "ProductServiceAPI", "ProductServiceAPI\ProductServiceAPI.csproj", "{5A821FAF-520A-4966-8155-4660114B6BBA}"
EndProject
Project("{FAE04EC0-301F-11D3-BF4B-00C04F79EFBC}") = "SampleAPI", "SampleAPI\SampleAPI.csproj", "{02B95D74-B7A9-4B70-84C5-A16F3068B36E}"
EndProject
Global
	GlobalSection(SolutionConfigurationPlatforms) = preSolution
		Debug|Any CPU = Debug|Any CPU
		Release|Any CPU = Release|Any CPU
	EndGlobalSection
	GlobalSection(ProjectConfigurationPlatforms) = postSolution
		{5A821FAF-520A-4966-8155-4660114B6BBA}.Debug|Any CPU.ActiveCfg = Debug|Any CPU
		{5A821FAF-520A-4966-8155-4660114B6BBA}.Debug|Any CPU.Build.0 = Debug|Any CPU
		{5A821FAF-520A-4966-8155-4660114B6BBA}.Release|Any CPU.ActiveCfg = Release|Any CPU
		{5A821FAF-520A-4966-8155-4660114B6BBA}.Release|Any CPU.Build.0 = Release|Any CPU
		{02B95D74-B7A9-4B70-84C5-A16F3068B36E}.Debug|Any CPU.ActiveCfg = Debug|Any CPU
		{02B95D74-B7A9-4B70-84C5-A16F3068B36E}.Debug|Any CPU.Build.0 = Debug|Any CPU
		{02B95D74-B7A9-4B70-84C5-A16F3068B36E}.Release|Any CPU.ActiveCfg = Release|Any CPU
		{02B95D74-B7A9-4B70-84C5-A16F3068B36E}.Release|Any CPU.Build.0 = Release|Any CPU
	EndGlobalSection
	GlobalSection(SolutionProperties) = preSolution
		HideSolutionNode = FALSE
	EndGlobalSection
	GlobalSection(ExtensibilityGlobals) = postSolution
		SolutionGuid = {5709975A-30C7-4C5C-8AC0-58CF30FE5AD5}
	EndGlobalSection
EndGlobal
