
Microsoft Visual Studio Solution File, Format Version 12.00
# Visual Studio Version 17
VisualStudioVersion = 17.11.35222.181
MinimumVisualStudioVersion = 10.0.40219.1
Project("{9A19103F-16F7-4668-BE54-9A1E7A4F7556}") = "FirstCSharpApp", "FirstCSharpApp\FirstCSharpApp.csproj", "{03C64881-4CC2-4F10-96BA-2E0AAB675C39}"
EndProject
Project("{FAE04EC0-301F-11D3-BF4B-00C04F79EFBC}") = "PersonLibrary", "PersonLibrary\PersonLibrary.csproj", "{3C29A715-419A-4CAC-84F0-F78EFF8B1FCC}"
EndProject
Global
	GlobalSection(SolutionConfigurationPlatforms) = preSolution
		Debug|Any CPU = Debug|Any CPU
		Release|Any CPU = Release|Any CPU
	EndGlobalSection
	GlobalSection(ProjectConfigurationPlatforms) = postSolution
		{03C64881-4CC2-4F10-96BA-2E0AAB675C39}.Debug|Any CPU.ActiveCfg = Debug|Any CPU
		{03C64881-4CC2-4F10-96BA-2E0AAB675C39}.Debug|Any CPU.Build.0 = Debug|Any CPU
		{03C64881-4CC2-4F10-96BA-2E0AAB675C39}.Release|Any CPU.ActiveCfg = Release|Any CPU
		{03C64881-4CC2-4F10-96BA-2E0AAB675C39}.Release|Any CPU.Build.0 = Release|Any CPU
		{3C29A715-419A-4CAC-84F0-F78EFF8B1FCC}.Debug|Any CPU.ActiveCfg = Debug|Any CPU
		{3C29A715-419A-4CAC-84F0-F78EFF8B1FCC}.Debug|Any CPU.Build.0 = Debug|Any CPU
		{3C29A715-419A-4CAC-84F0-F78EFF8B1FCC}.Release|Any CPU.ActiveCfg = Release|Any CPU
		{3C29A715-419A-4CAC-84F0-F78EFF8B1FCC}.Release|Any CPU.Build.0 = Release|Any CPU
	EndGlobalSection
	GlobalSection(SolutionProperties) = preSolution
		HideSolutionNode = FALSE
	EndGlobalSection
	GlobalSection(ExtensibilityGlobals) = postSolution
		SolutionGuid = {78008AA8-AD34-448B-A8AD-6A641572C7C8}
	EndGlobalSection
EndGlobal
